// !$*UTF8*$!
{
	archiveVersion = 1;
	classes = {
	};
	objectVersion = 55;
	objects = {

/* Begin PBXBuildFile section */
		01E6C63D285BC517006F73B7 /* AppDelegate.m in Sources */ = {isa = PBXBuildFile; fileRef = 01E6C63C285BC517006F73B7 /* AppDelegate.m */; };
		01E6C640285BC517006F73B7 /* SceneDelegate.m in Sources */ = {isa = PBXBuildFile; fileRef = 01E6C63F285BC517006F73B7 /* SceneDelegate.m */; };
		01E6C646285BC517006F73B7 /* Main.storyboard in Resources */ = {isa = PBXBuildFile; fileRef = 01E6C644285BC517006F73B7 /* Main.storyboard */; };
		01E6C648285BC518006F73B7 /* Assets.xcassets in Resources */ = {isa = PBXBuildFile; fileRef = 01E6C647285BC518006F73B7 /* Assets.xcassets */; };
		01E6C64B285BC518006F73B7 /* LaunchScreen.storyboard in Resources */ = {isa = PBXBuildFile; fileRef = 01E6C649285BC518006F73B7 /* LaunchScreen.storyboard */; };
		01E6C64E285BC518006F73B7 /* main.m in Sources */ = {isa = PBXBuildFile; fileRef = 01E6C64D285BC518006F73B7 /* main.m */; };
		01E6C658285BC518006F73B7 /* FlixterTests.m in Sources */ = {isa = PBXBuildFile; fileRef = 01E6C657285BC518006F73B7 /* FlixterTests.m */; };
		01E6C662285BC519006F73B7 /* FlixterUITests.m in Sources */ = {isa = PBXBuildFile; fileRef = 01E6C661285BC519006F73B7 /* FlixterUITests.m */; };
		01E6C664285BC519006F73B7 /* FlixterUITestsLaunchTests.m in Sources */ = {isa = PBXBuildFile; fileRef = 01E6C663285BC519006F73B7 /* FlixterUITestsLaunchTests.m */; };
		01E6C672285BC8AF006F73B7 /* MovieViewController.m in Sources */ = {isa = PBXBuildFile; fileRef = 01E6C671285BC8AF006F73B7 /* MovieViewController.m */; };
		01E6C675285BDDD4006F73B7 /* MovieCellTableViewCell.m in Sources */ = {isa = PBXBuildFile; fileRef = 01E6C674285BDDD4006F73B7 /* MovieCellTableViewCell.m */; };
		01E6C67B285C3357006F73B7 /* DetailsViewController.m in Sources */ = {isa = PBXBuildFile; fileRef = 01E6C67A285C3357006F73B7 /* DetailsViewController.m */; };
		01E6C67E285D1574006F73B7 /* GridViewController.m in Sources */ = {isa = PBXBuildFile; fileRef = 01E6C67D285D1574006F73B7 /* GridViewController.m */; };
		01E6C684285D315D006F73B7 /* MovieCollectionViewCell.m in Sources */ = {isa = PBXBuildFile; fileRef = 01E6C683285D315D006F73B7 /* MovieCollectionViewCell.m */; };
		87B7D184E42194CAA6D49991 /* Pods_Flixter_FlixterUITests.framework in Frameworks */ = {isa = PBXBuildFile; fileRef = FABCB9FDACECA0F982657705 /* Pods_Flixter_FlixterUITests.framework */; };
		C23C0D649CB3718F0B92A9DD /* Pods_FlixterTests.framework in Frameworks */ = {isa = PBXBuildFile; fileRef = DB32D97BBB02E3CAB2E9C886 /* Pods_FlixterTests.framework */; };
		CAC82D68664E5F955880B01B /* Pods_Flixter.framework in Frameworks */ = {isa = PBXBuildFile; fileRef = 8BDA771B828D4C22488A594D /* Pods_Flixter.framework */; };
/* End PBXBuildFile section */

/* Begin PBXContainerItemProxy section */
		01E6C654285BC518006F73B7 /* PBXContainerItemProxy */ = {
			isa = PBXContainerItemProxy;
			containerPortal = 01E6C630285BC517006F73B7 /* Project object */;
			proxyType = 1;
			remoteGlobalIDString = 01E6C637285BC517006F73B7;
			remoteInfo = Flixter;
		};
		01E6C65E285BC519006F73B7 /* PBXContainerItemProxy */ = {
			isa = PBXContainerItemProxy;
			containerPortal = 01E6C630285BC517006F73B7 /* Project object */;
			proxyType = 1;
			remoteGlobalIDString = 01E6C637285BC517006F73B7;
			remoteInfo = Flixter;
		};
/* End PBXContainerItemProxy section */

/* Begin PBXFileReference section */
		01E6C638285BC517006F73B7 /* Flixter.app */ = {isa = PBXFileReference; explicitFileType = wrapper.application; includeInIndex = 0; path = Flixter.app; sourceTree = BUILT_PRODUCTS_DIR; };
		01E6C63B285BC517006F73B7 /* AppDelegate.h */ = {isa = PBXFileReference; lastKnownFileType = sourcecode.c.h; path = AppDelegate.h; sourceTree = "<group>"; };
		01E6C63C285BC517006F73B7 /* AppDelegate.m */ = {isa = PBXFileReference; lastKnownFileType = sourcecode.c.objc; path = AppDelegate.m; sourceTree = "<group>"; };
		01E6C63E285BC517006F73B7 /* SceneDelegate.h */ = {isa = PBXFileReference; lastKnownFileType = sourcecode.c.h; path = SceneDelegate.h; sourceTree = "<group>"; };
		01E6C63F285BC517006F73B7 /* SceneDelegate.m */ = {isa = PBXFileReference; lastKnownFileType = sourcecode.c.objc; path = SceneDelegate.m; sourceTree = "<group>"; };
		01E6C645285BC517006F73B7 /* Base */ = {isa = PBXFileReference; lastKnownFileType = file.storyboard; name = Base; path = Base.lproj/Main.storyboard; sourceTree = "<group>"; };
		01E6C647285BC518006F73B7 /* Assets.xcassets */ = {isa = PBXFileReference; lastKnownFileType = folder.assetcatalog; path = Assets.xcassets; sourceTree = "<group>"; };
		01E6C64A285BC518006F73B7 /* Base */ = {isa = PBXFileReference; lastKnownFileType = file.storyboard; name = Base; path = Base.lproj/LaunchScreen.storyboard; sourceTree = "<group>"; };
		01E6C64C285BC518006F73B7 /* Info.plist */ = {isa = PBXFileReference; lastKnownFileType = text.plist.xml; path = Info.plist; sourceTree = "<group>"; };
		01E6C64D285BC518006F73B7 /* main.m */ = {isa = PBXFileReference; lastKnownFileType = sourcecode.c.objc; path = main.m; sourceTree = "<group>"; };
		01E6C653285BC518006F73B7 /* FlixterTests.xctest */ = {isa = PBXFileReference; explicitFileType = wrapper.cfbundle; includeInIndex = 0; path = FlixterTests.xctest; sourceTree = BUILT_PRODUCTS_DIR; };
		01E6C657285BC518006F73B7 /* FlixterTests.m */ = {isa = PBXFileReference; lastKnownFileType = sourcecode.c.objc; path = FlixterTests.m; sourceTree = "<group>"; };
		01E6C65D285BC519006F73B7 /* FlixterUITests.xctest */ = {isa = PBXFileReference; explicitFileType = wrapper.cfbundle; includeInIndex = 0; path = FlixterUITests.xctest; sourceTree = BUILT_PRODUCTS_DIR; };
		01E6C661285BC519006F73B7 /* FlixterUITests.m */ = {isa = PBXFileReference; lastKnownFileType = sourcecode.c.objc; path = FlixterUITests.m; sourceTree = "<group>"; };
		01E6C663285BC519006F73B7 /* FlixterUITestsLaunchTests.m */ = {isa = PBXFileReference; lastKnownFileType = sourcecode.c.objc; path = FlixterUITestsLaunchTests.m; sourceTree = "<group>"; };
		01E6C670285BC8AF006F73B7 /* MovieViewController.h */ = {isa = PBXFileReference; lastKnownFileType = sourcecode.c.h; path = MovieViewController.h; sourceTree = "<group>"; };
		01E6C671285BC8AF006F73B7 /* MovieViewController.m */ = {isa = PBXFileReference; lastKnownFileType = sourcecode.c.objc; path = MovieViewController.m; sourceTree = "<group>"; };
		01E6C673285BDDD4006F73B7 /* MovieCellTableViewCell.h */ = {isa = PBXFileReference; lastKnownFileType = sourcecode.c.h; path = MovieCellTableViewCell.h; sourceTree = "<group>"; };
		01E6C674285BDDD4006F73B7 /* MovieCellTableViewCell.m */ = {isa = PBXFileReference; lastKnownFileType = sourcecode.c.objc; path = MovieCellTableViewCell.m; sourceTree = "<group>"; };
		01E6C679285C3357006F73B7 /* DetailsViewController.h */ = {isa = PBXFileReference; lastKnownFileType = sourcecode.c.h; path = DetailsViewController.h; sourceTree = "<group>"; };
		01E6C67A285C3357006F73B7 /* DetailsViewController.m */ = {isa = PBXFileReference; lastKnownFileType = sourcecode.c.objc; path = DetailsViewController.m; sourceTree = "<group>"; };
		01E6C67C285D1574006F73B7 /* GridViewController.h */ = {isa = PBXFileReference; lastKnownFileType = sourcecode.c.h; path = GridViewController.h; sourceTree = "<group>"; };
		01E6C67D285D1574006F73B7 /* GridViewController.m */ = {isa = PBXFileReference; lastKnownFileType = sourcecode.c.objc; path = GridViewController.m; sourceTree = "<group>"; };
		01E6C682285D315D006F73B7 /* MovieCollectionViewCell.h */ = {isa = PBXFileReference; lastKnownFileType = sourcecode.c.h; path = MovieCollectionViewCell.h; sourceTree = "<group>"; };
		01E6C683285D315D006F73B7 /* MovieCollectionViewCell.m */ = {isa = PBXFileReference; lastKnownFileType = sourcecode.c.objc; path = MovieCollectionViewCell.m; sourceTree = "<group>"; };
		17C6C5D2A2CDE2AEC4B43757 /* Pods-FlixterTests.release.xcconfig */ = {isa = PBXFileReference; includeInIndex = 1; lastKnownFileType = text.xcconfig; name = "Pods-FlixterTests.release.xcconfig"; path = "Target Support Files/Pods-FlixterTests/Pods-FlixterTests.release.xcconfig"; sourceTree = "<group>"; };
		309A97B84A91C4A53CFEE5A6 /* Pods-Flixter-FlixterUITests.debug.xcconfig */ = {isa = PBXFileReference; includeInIndex = 1; lastKnownFileType = text.xcconfig; name = "Pods-Flixter-FlixterUITests.debug.xcconfig"; path = "Target Support Files/Pods-Flixter-FlixterUITests/Pods-Flixter-FlixterUITests.debug.xcconfig"; sourceTree = "<group>"; };
		62B578A2B63D9EFF26307FB8 /* Pods-Flixter-FlixterUITests.release.xcconfig */ = {isa = PBXFileReference; includeInIndex = 1; lastKnownFileType = text.xcconfig; name = "Pods-Flixter-FlixterUITests.release.xcconfig"; path = "Target Support Files/Pods-Flixter-FlixterUITests/Pods-Flixter-FlixterUITests.release.xcconfig"; sourceTree = "<group>"; };
		8BDA771B828D4C22488A594D /* Pods_Flixter.framework */ = {isa = PBXFileReference; explicitFileType = wrapper.framework; includeInIndex = 0; path = Pods_Flixter.framework; sourceTree = BUILT_PRODUCTS_DIR; };
		9647EB1E58A39242AAF9BC18 /* Pods-Flixter.release.xcconfig */ = {isa = PBXFileReference; includeInIndex = 1; lastKnownFileType = text.xcconfig; name = "Pods-Flixter.release.xcconfig"; path = "Target Support Files/Pods-Flixter/Pods-Flixter.release.xcconfig"; sourceTree = "<group>"; };
		D9232AAD31839B6CD0473096 /* Pods-FlixterTests.debug.xcconfig */ = {isa = PBXFileReference; includeInIndex = 1; lastKnownFileType = text.xcconfig; name = "Pods-FlixterTests.debug.xcconfig"; path = "Target Support Files/Pods-FlixterTests/Pods-FlixterTests.debug.xcconfig"; sourceTree = "<group>"; };
		DB32D97BBB02E3CAB2E9C886 /* Pods_FlixterTests.framework */ = {isa = PBXFileReference; explicitFileType = wrapper.framework; includeInIndex = 0; path = Pods_FlixterTests.framework; sourceTree = BUILT_PRODUCTS_DIR; };
		EFEEC0C279904DE16633C2E3 /* Pods-Flixter.debug.xcconfig */ = {isa = PBXFileReference; includeInIndex = 1; lastKnownFileType = text.xcconfig; name = "Pods-Flixter.debug.xcconfig"; path = "Target Support Files/Pods-Flixter/Pods-Flixter.debug.xcconfig"; sourceTree = "<group>"; };
		FABCB9FDACECA0F982657705 /* Pods_Flixter_FlixterUITests.framework */ = {isa = PBXFileReference; explicitFileType = wrapper.framework; includeInIndex = 0; path = Pods_Flixter_FlixterUITests.framework; sourceTree = BUILT_PRODUCTS_DIR; };
/* End PBXFileReference section */

/* Begin PBXFrameworksBuildPhase section */
		01E6C635285BC517006F73B7 /* Frameworks */ = {
			isa = PBXFrameworksBuildPhase;
			buildActionMask = 2147483647;
			files = (
				CAC82D68664E5F955880B01B /* Pods_Flixter.framework in Frameworks */,
			);
			runOnlyForDeploymentPostprocessing = 0;
		};
		01E6C650285BC518006F73B7 /* Frameworks */ = {
			isa = PBXFrameworksBuildPhase;
			buildActionMask = 2147483647;
			files = (
				C23C0D649CB3718F0B92A9DD /* Pods_FlixterTests.framework in Frameworks */,
			);
			runOnlyForDeploymentPostprocessing = 0;
		};
		01E6C65A285BC519006F73B7 /* Frameworks */ = {
			isa = PBXFrameworksBuildPhase;
			buildActionMask = 2147483647;
			files = (
				87B7D184E42194CAA6D49991 /* Pods_Flixter_FlixterUITests.framework in Frameworks */,
			);
			runOnlyForDeploymentPostprocessing = 0;
		};
/* End PBXFrameworksBuildPhase section */

/* Begin PBXGroup section */
		01E6C62F285BC517006F73B7 = {
			isa = PBXGroup;
			children = (
				01E6C63A285BC517006F73B7 /* Flixter */,
				01E6C656285BC518006F73B7 /* FlixterTests */,
				01E6C660285BC519006F73B7 /* FlixterUITests */,
				01E6C639285BC517006F73B7 /* Products */,
				9A461F6BBCEAA2FB63CFB036 /* Pods */,
				83B38506403D6DE567765C7A /* Frameworks */,
			);
			sourceTree = "<group>";
		};
		01E6C639285BC517006F73B7 /* Products */ = {
			isa = PBXGroup;
			children = (
				01E6C638285BC517006F73B7 /* Flixter.app */,
				01E6C653285BC518006F73B7 /* FlixterTests.xctest */,
				01E6C65D285BC519006F73B7 /* FlixterUITests.xctest */,
			);
			name = Products;
			sourceTree = "<group>";
		};
		01E6C63A285BC517006F73B7 /* Flixter */ = {
			isa = PBXGroup;
			children = (
				01E6C63B285BC517006F73B7 /* AppDelegate.h */,
				01E6C63C285BC517006F73B7 /* AppDelegate.m */,
				01E6C63E285BC517006F73B7 /* SceneDelegate.h */,
				01E6C63F285BC517006F73B7 /* SceneDelegate.m */,
				01E6C644285BC517006F73B7 /* Main.storyboard */,
				01E6C67C285D1574006F73B7 /* GridViewController.h */,
				01E6C67D285D1574006F73B7 /* GridViewController.m */,
				01E6C679285C3357006F73B7 /* DetailsViewController.h */,
				01E6C67A285C3357006F73B7 /* DetailsViewController.m */,
				01E6C673285BDDD4006F73B7 /* MovieCellTableViewCell.h */,
				01E6C674285BDDD4006F73B7 /* MovieCellTableViewCell.m */,
				01E6C670285BC8AF006F73B7 /* MovieViewController.h */,
				01E6C671285BC8AF006F73B7 /* MovieViewController.m */,
				01E6C647285BC518006F73B7 /* Assets.xcassets */,
				01E6C649285BC518006F73B7 /* LaunchScreen.storyboard */,
				01E6C64C285BC518006F73B7 /* Info.plist */,
				01E6C64D285BC518006F73B7 /* main.m */,
				01E6C682285D315D006F73B7 /* MovieCollectionViewCell.h */,
				01E6C683285D315D006F73B7 /* MovieCollectionViewCell.m */,
			);
			path = Flixter;
			sourceTree = "<group>";
		};
		01E6C656285BC518006F73B7 /* FlixterTests */ = {
			isa = PBXGroup;
			children = (
				01E6C657285BC518006F73B7 /* FlixterTests.m */,
			);
			path = FlixterTests;
			sourceTree = "<group>";
		};
		01E6C660285BC519006F73B7 /* FlixterUITests */ = {
			isa = PBXGroup;
			children = (
				01E6C661285BC519006F73B7 /* FlixterUITests.m */,
				01E6C663285BC519006F73B7 /* FlixterUITestsLaunchTests.m */,
			);
			path = FlixterUITests;
			sourceTree = "<group>";
		};
		83B38506403D6DE567765C7A /* Frameworks */ = {
			isa = PBXGroup;
			children = (
				8BDA771B828D4C22488A594D /* Pods_Flixter.framework */,
				FABCB9FDACECA0F982657705 /* Pods_Flixter_FlixterUITests.framework */,
				DB32D97BBB02E3CAB2E9C886 /* Pods_FlixterTests.framework */,
			);
			name = Frameworks;
			sourceTree = "<group>";
		};
		9A461F6BBCEAA2FB63CFB036 /* Pods */ = {
			isa = PBXGroup;
			children = (
				EFEEC0C279904DE16633C2E3 /* Pods-Flixter.debug.xcconfig */,
				9647EB1E58A39242AAF9BC18 /* Pods-Flixter.release.xcconfig */,
				309A97B84A91C4A53CFEE5A6 /* Pods-Flixter-FlixterUITests.debug.xcconfig */,
				62B578A2B63D9EFF26307FB8 /* Pods-Flixter-FlixterUITests.release.xcconfig */,
				D9232AAD31839B6CD0473096 /* Pods-FlixterTests.debug.xcconfig */,
				17C6C5D2A2CDE2AEC4B43757 /* Pods-FlixterTests.release.xcconfig */,
			);
			path = Pods;
			sourceTree = "<group>";
		};
/* End PBXGroup section */

/* Begin PBXNativeTarget section */
		01E6C637285BC517006F73B7 /* Flixter */ = {
			isa = PBXNativeTarget;
			buildConfigurationList = 01E6C667285BC519006F73B7 /* Build configuration list for PBXNativeTarget "Flixter" */;
			buildPhases = (
				275B50C8573F8A651ACE60C7 /* [CP] Check Pods Manifest.lock */,
				01E6C634285BC517006F73B7 /* Sources */,
				01E6C635285BC517006F73B7 /* Frameworks */,
				01E6C636285BC517006F73B7 /* Resources */,
				93C2C73F71AB3955DC8DE662 /* [CP] Embed Pods Frameworks */,
			);
			buildRules = (
			);
			dependencies = (
			);
			name = Flixter;
			productName = Flixter;
			productReference = 01E6C638285BC517006F73B7 /* Flixter.app */;
			productType = "com.apple.product-type.application";
		};
		01E6C652285BC518006F73B7 /* FlixterTests */ = {
			isa = PBXNativeTarget;
			buildConfigurationList = 01E6C66A285BC519006F73B7 /* Build configuration list for PBXNativeTarget "FlixterTests" */;
			buildPhases = (
				0B6FE8A934306BEBA4AD6C67 /* [CP] Check Pods Manifest.lock */,
				01E6C64F285BC518006F73B7 /* Sources */,
				01E6C650285BC518006F73B7 /* Frameworks */,
				01E6C651285BC518006F73B7 /* Resources */,
			);
			buildRules = (
			);
			dependencies = (
				01E6C655285BC518006F73B7 /* PBXTargetDependency */,
			);
			name = FlixterTests;
			productName = FlixterTests;
			productReference = 01E6C653285BC518006F73B7 /* FlixterTests.xctest */;
			productType = "com.apple.product-type.bundle.unit-test";
		};
		01E6C65C285BC519006F73B7 /* FlixterUITests */ = {
			isa = PBXNativeTarget;
			buildConfigurationList = 01E6C66D285BC519006F73B7 /* Build configuration list for PBXNativeTarget "FlixterUITests" */;
			buildPhases = (
				45F5FB85BD22D949E40C979E /* [CP] Check Pods Manifest.lock */,
				01E6C659285BC519006F73B7 /* Sources */,
				01E6C65A285BC519006F73B7 /* Frameworks */,
				01E6C65B285BC519006F73B7 /* Resources */,
				ADB295DAF5C029DE917BCACB /* [CP] Embed Pods Frameworks */,
			);
			buildRules = (
			);
			dependencies = (
				01E6C65F285BC519006F73B7 /* PBXTargetDependency */,
			);
			name = FlixterUITests;
			productName = FlixterUITests;
			productReference = 01E6C65D285BC519006F73B7 /* FlixterUITests.xctest */;
			productType = "com.apple.product-type.bundle.ui-testing";
		};
/* End PBXNativeTarget section */

/* Begin PBXProject section */
		01E6C630285BC517006F73B7 /* Project object */ = {
			isa = PBXProject;
			attributes = {
				BuildIndependentTargetsInParallel = 1;
				LastUpgradeCheck = 1330;
				TargetAttributes = {
					01E6C637285BC517006F73B7 = {
						CreatedOnToolsVersion = 13.3.1;
					};
					01E6C652285BC518006F73B7 = {
						CreatedOnToolsVersion = 13.3.1;
						TestTargetID = 01E6C637285BC517006F73B7;
					};
					01E6C65C285BC519006F73B7 = {
						CreatedOnToolsVersion = 13.3.1;
						TestTargetID = 01E6C637285BC517006F73B7;
					};
				};
			};
			buildConfigurationList = 01E6C633285BC517006F73B7 /* Build configuration list for PBXProject "Flixter" */;
			compatibilityVersion = "Xcode 13.0";
			developmentRegion = en;
			hasScannedForEncodings = 0;
			knownRegions = (
				en,
				Base,
			);
			mainGroup = 01E6C62F285BC517006F73B7;
			productRefGroup = 01E6C639285BC517006F73B7 /* Products */;
			projectDirPath = "";
			projectRoot = "";
			targets = (
				01E6C637285BC517006F73B7 /* Flixter */,
				01E6C652285BC518006F73B7 /* FlixterTests */,
				01E6C65C285BC519006F73B7 /* FlixterUITests */,
			);
		};
/* End PBXProject section */

/* Begin PBXResourcesBuildPhase section */
		01E6C636285BC517006F73B7 /* Resources */ = {
			isa = PBXResourcesBuildPhase;
			buildActionMask = 2147483647;
			files = (
				01E6C64B285BC518006F73B7 /* LaunchScreen.storyboard in Resources */,
				01E6C648285BC518006F73B7 /* Assets.xcassets in Resources */,
				01E6C646285BC517006F73B7 /* Main.storyboard in Resources */,
			);
			runOnlyForDeploymentPostprocessing = 0;
		};
		01E6C651285BC518006F73B7 /* Resources */ = {
			isa = PBXResourcesBuildPhase;
			buildActionMask = 2147483647;
			files = (
			);
			runOnlyForDeploymentPostprocessing = 0;
		};
		01E6C65B285BC519006F73B7 /* Resources */ = {
			isa = PBXResourcesBuildPhase;
			buildActionMask = 2147483647;
			files = (
			);
			runOnlyForDeploymentPostprocessing = 0;
		};
/* End PBXResourcesBuildPhase section */

/* Begin PBXShellScriptBuildPhase section */
		0B6FE8A934306BEBA4AD6C67 /* [CP] Check Pods Manifest.lock */ = {
			isa = PBXShellScriptBuildPhase;
			buildActionMask = 2147483647;
			files = (
			);
			inputFileListPaths = (
			);
			inputPaths = (
				"${PODS_PODFILE_DIR_PATH}/Podfile.lock",
				"${PODS_ROOT}/Manifest.lock",
			);
			name = "[CP] Check Pods Manifest.lock";
			outputFileListPaths = (
			);
			outputPaths = (
				"$(DERIVED_FILE_DIR)/Pods-FlixterTests-checkManifestLockResult.txt",
			);
			runOnlyForDeploymentPostprocessing = 0;
			shellPath = /bin/sh;
			shellScript = "diff \"${PODS_PODFILE_DIR_PATH}/Podfile.lock\" \"${PODS_ROOT}/Manifest.lock\" > /dev/null\nif [ $? != 0 ] ; then\n    # print error to STDERR\n    echo \"error: The sandbox is not in sync with the Podfile.lock. Run 'pod install' or update your CocoaPods installation.\" >&2\n    exit 1\nfi\n# This output is used by Xcode 'outputs' to avoid re-running this script phase.\necho \"SUCCESS\" > \"${SCRIPT_OUTPUT_FILE_0}\"\n";
			showEnvVarsInLog = 0;
		};
		275B50C8573F8A651ACE60C7 /* [CP] Check Pods Manifest.lock */ = {
			isa = PBXShellScriptBuildPhase;
			buildActionMask = 2147483647;
			files = (
			);
			inputFileListPaths = (
			);
			inputPaths = (
				"${PODS_PODFILE_DIR_PATH}/Podfile.lock",
				"${PODS_ROOT}/Manifest.lock",
			);
			name = "[CP] Check Pods Manifest.lock";
			outputFileListPaths = (
			);
			outputPaths = (
				"$(DERIVED_FILE_DIR)/Pods-Flixter-checkManifestLockResult.txt",
			);
			runOnlyForDeploymentPostprocessing = 0;
			shellPath = /bin/sh;
			shellScript = "diff \"${PODS_PODFILE_DIR_PATH}/Podfile.lock\" \"${PODS_ROOT}/Manifest.lock\" > /dev/null\nif [ $? != 0 ] ; then\n    # print error to STDERR\n    echo \"error: The sandbox is not in sync with the Podfile.lock. Run 'pod install' or update your CocoaPods installation.\" >&2\n    exit 1\nfi\n# This output is used by Xcode 'outputs' to avoid re-running this script phase.\necho \"SUCCESS\" > \"${SCRIPT_OUTPUT_FILE_0}\"\n";
			showEnvVarsInLog = 0;
		};
		45F5FB85BD22D949E40C979E /* [CP] Check Pods Manifest.lock */ = {
			isa = PBXShellScriptBuildPhase;
			buildActionMask = 2147483647;
			files = (
			);
			inputFileListPaths = (
			);
			inputPaths = (
				"${PODS_PODFILE_DIR_PATH}/Podfile.lock",
				"${PODS_ROOT}/Manifest.lock",
			);
			name = "[CP] Check Pods Manifest.lock";
			outputFileListPaths = (
			);
			outputPaths = (
				"$(DERIVED_FILE_DIR)/Pods-Flixter-FlixterUITests-checkManifestLockResult.txt",
			);
			runOnlyForDeploymentPostprocessing = 0;
			shellPath = /bin/sh;
			shellScript = "diff \"${PODS_PODFILE_DIR_PATH}/Podfile.lock\" \"${PODS_ROOT}/Manifest.lock\" > /dev/null\nif [ $? != 0 ] ; then\n    # print error to STDERR\n    echo \"error: The sandbox is not in sync with the Podfile.lock. Run 'pod install' or update your CocoaPods installation.\" >&2\n    exit 1\nfi\n# This output is used by Xcode 'outputs' to avoid re-running this script phase.\necho \"SUCCESS\" > \"${SCRIPT_OUTPUT_FILE_0}\"\n";
			showEnvVarsInLog = 0;
		};
		93C2C73F71AB3955DC8DE662 /* [CP] Embed Pods Frameworks */ = {
			isa = PBXShellScriptBuildPhase;
			buildActionMask = 2147483647;
			files = (
			);
			inputFileListPaths = (
				"${PODS_ROOT}/Target Support Files/Pods-Flixter/Pods-Flixter-frameworks-${CONFIGURATION}-input-files.xcfilelist",
			);
			name = "[CP] Embed Pods Frameworks";
			outputFileListPaths = (
				"${PODS_ROOT}/Target Support Files/Pods-Flixter/Pods-Flixter-frameworks-${CONFIGURATION}-output-files.xcfilelist",
			);
			runOnlyForDeploymentPostprocessing = 0;
			shellPath = /bin/sh;
			shellScript = "\"${PODS_ROOT}/Target Support Files/Pods-Flixter/Pods-Flixter-frameworks.sh\"\n";
			showEnvVarsInLog = 0;
		};
		ADB295DAF5C029DE917BCACB /* [CP] Embed Pods Frameworks */ = {
			isa = PBXShellScriptBuildPhase;
			buildActionMask = 2147483647;
			files = (
			);
			inputFileListPaths = (
				"${PODS_ROOT}/Target Support Files/Pods-Flixter-FlixterUITests/Pods-Flixter-FlixterUITests-frameworks-${CONFIGURATION}-input-files.xcfilelist",
			);
			name = "[CP] Embed Pods Frameworks";
			outputFileListPaths = (
				"${PODS_ROOT}/Target Support Files/Pods-Flixter-FlixterUITests/Pods-Flixter-FlixterUITests-frameworks-${CONFIGURATION}-output-files.xcfilelist",
			);
			runOnlyForDeploymentPostprocessing = 0;
			shellPath = /bin/sh;
			shellScript = "\"${PODS_ROOT}/Target Support Files/Pods-Flixter-FlixterUITests/Pods-Flixter-FlixterUITests-frameworks.sh\"\n";
			showEnvVarsInLog = 0;
		};
/* End PBXShellScriptBuildPhase section */

/* Begin PBXSourcesBuildPhase section */
		01E6C634285BC517006F73B7 /* Sources */ = {
			isa = PBXSourcesBuildPhase;
			buildActionMask = 2147483647;
			files = (
				01E6C63D285BC517006F73B7 /* AppDelegate.m in Sources */,
				01E6C64E285BC518006F73B7 /* main.m in Sources */,
				01E6C675285BDDD4006F73B7 /* MovieCellTableViewCell.m in Sources */,
				01E6C684285D315D006F73B7 /* MovieCollectionViewCell.m in Sources */,
				01E6C67E285D1574006F73B7 /* GridViewController.m in Sources */,
				01E6C67B285C3357006F73B7 /* DetailsViewController.m in Sources */,
				01E6C640285BC517006F73B7 /* SceneDelegate.m in Sources */,
				01E6C672285BC8AF006F73B7 /* MovieViewController.m in Sources */,
			);
			runOnlyForDeploymentPostprocessing = 0;
		};
		01E6C64F285BC518006F73B7 /* Sources */ = {
			isa = PBXSourcesBuildPhase;
			buildActionMask = 2147483647;
			files = (
				01E6C658285BC518006F73B7 /* FlixterTests.m in Sources */,
			);
			runOnlyForDeploymentPostprocessing = 0;
		};
		01E6C659285BC519006F73B7 /* Sources */ = {
			isa = PBXSourcesBuildPhase;
			buildActionMask = 2147483647;
			files = (
				01E6C662285BC519006F73B7 /* FlixterUITests.m in Sources */,
				01E6C664285BC519006F73B7 /* FlixterUITestsLaunchTests.m in Sources */,
			);
			runOnlyForDeploymentPostprocessing = 0;
		};
/* End PBXSourcesBuildPhase section */

/* Begin PBXTargetDependency section */
		01E6C655285BC518006F73B7 /* PBXTargetDependency */ = {
			isa = PBXTargetDependency;
			target = 01E6C637285BC517006F73B7 /* Flixter */;
			targetProxy = 01E6C654285BC518006F73B7 /* PBXContainerItemProxy */;
		};
		01E6C65F285BC519006F73B7 /* PBXTargetDependency */ = {
			isa = PBXTargetDependency;
			target = 01E6C637285BC517006F73B7 /* Flixter */;
			targetProxy = 01E6C65E285BC519006F73B7 /* PBXContainerItemProxy */;
		};
/* End PBXTargetDependency section */

/* Begin PBXVariantGroup section */
		01E6C644285BC517006F73B7 /* Main.storyboard */ = {
			isa = PBXVariantGroup;
			children = (
				01E6C645285BC517006F73B7 /* Base */,
			);
			name = Main.storyboard;
			sourceTree = "<group>";
		};
		01E6C649285BC518006F73B7 /* LaunchScreen.storyboard */ = {
			isa = PBXVariantGroup;
			children = (
				01E6C64A285BC518006F73B7 /* Base */,
			);
			name = LaunchScreen.storyboard;
			sourceTree = "<group>";
		};
/* End PBXVariantGroup section */

/* Begin XCBuildConfiguration section */
		01E6C665285BC519006F73B7 /* Debug */ = {
			isa = XCBuildConfiguration;
			buildSettings = {
				ALWAYS_SEARCH_USER_PATHS = NO;
				CLANG_ANALYZER_NONNULL = YES;
				CLANG_ANALYZER_NUMBER_OBJECT_CONVERSION = YES_AGGRESSIVE;
				CLANG_CXX_LANGUAGE_STANDARD = "gnu++17";
				CLANG_ENABLE_MODULES = YES;
				CLANG_ENABLE_OBJC_ARC = YES;
				CLANG_ENABLE_OBJC_WEAK = YES;
				CLANG_WARN_BLOCK_CAPTURE_AUTORELEASING = YES;
				CLANG_WARN_BOOL_CONVERSION = YES;
				CLANG_WARN_COMMA = YES;
				CLANG_WARN_CONSTANT_CONVERSION = YES;
				CLANG_WARN_DEPRECATED_OBJC_IMPLEMENTATIONS = YES;
				CLANG_WARN_DIRECT_OBJC_ISA_USAGE = YES_ERROR;
				CLANG_WARN_DOCUMENTATION_COMMENTS = YES;
				CLANG_WARN_EMPTY_BODY = YES;
				CLANG_WARN_ENUM_CONVERSION = YES;
				CLANG_WARN_INFINITE_RECURSION = YES;
				CLANG_WARN_INT_CONVERSION = YES;
				CLANG_WARN_NON_LITERAL_NULL_CONVERSION = YES;
				CLANG_WARN_OBJC_IMPLICIT_RETAIN_SELF = YES;
				CLANG_WARN_OBJC_LITERAL_CONVERSION = YES;
				CLANG_WARN_OBJC_ROOT_CLASS = YES_ERROR;
				CLANG_WARN_QUOTED_INCLUDE_IN_FRAMEWORK_HEADER = YES;
				CLANG_WARN_RANGE_LOOP_ANALYSIS = YES;
				CLANG_WARN_STRICT_PROTOTYPES = YES;
				CLANG_WARN_SUSPICIOUS_MOVE = YES;
				CLANG_WARN_UNGUARDED_AVAILABILITY = YES_AGGRESSIVE;
				CLANG_WARN_UNREACHABLE_CODE = YES;
				CLANG_WARN__DUPLICATE_METHOD_MATCH = YES;
				COPY_PHASE_STRIP = NO;
				DEBUG_INFORMATION_FORMAT = dwarf;
				ENABLE_STRICT_OBJC_MSGSEND = YES;
				ENABLE_TESTABILITY = YES;
				GCC_C_LANGUAGE_STANDARD = gnu11;
				GCC_DYNAMIC_NO_PIC = NO;
				GCC_NO_COMMON_BLOCKS = YES;
				GCC_OPTIMIZATION_LEVEL = 0;
				GCC_PREPROCESSOR_DEFINITIONS = (
					"DEBUG=1",
					"$(inherited)",
				);
				GCC_WARN_64_TO_32_BIT_CONVERSION = YES;
				GCC_WARN_ABOUT_RETURN_TYPE = YES_ERROR;
				GCC_WARN_UNDECLARED_SELECTOR = YES;
				GCC_WARN_UNINITIALIZED_AUTOS = YES_AGGRESSIVE;
				GCC_WARN_UNUSED_FUNCTION = YES;
				GCC_WARN_UNUSED_VARIABLE = YES;
				IPHONEOS_DEPLOYMENT_TARGET = 15.4;
				MTL_ENABLE_DEBUG_INFO = INCLUDE_SOURCE;
				MTL_FAST_MATH = YES;
				ONLY_ACTIVE_ARCH = YES;
				SDKROOT = iphoneos;
			};
			name = Debug;
		};
		01E6C666285BC519006F73B7 /* Release */ = {
			isa = XCBuildConfiguration;
			buildSettings = {
				ALWAYS_SEARCH_USER_PATHS = NO;
				CLANG_ANALYZER_NONNULL = YES;
				CLANG_ANALYZER_NUMBER_OBJECT_CONVERSION = YES_AGGRESSIVE;
				CLANG_CXX_LANGUAGE_STANDARD = "gnu++17";
				CLANG_ENABLE_MODULES = YES;
				CLANG_ENABLE_OBJC_ARC = YES;
				CLANG_ENABLE_OBJC_WEAK = YES;
				CLANG_WARN_BLOCK_CAPTURE_AUTORELEASING = YES;
				CLANG_WARN_BOOL_CONVERSION = YES;
				CLANG_WARN_COMMA = YES;
				CLANG_WARN_CONSTANT_CONVERSION = YES;
				CLANG_WARN_DEPRECATED_OBJC_IMPLEMENTATIONS = YES;
				CLANG_WARN_DIRECT_OBJC_ISA_USAGE = YES_ERROR;
				CLANG_WARN_DOCUMENTATION_COMMENTS = YES;
				CLANG_WARN_EMPTY_BODY = YES;
				CLANG_WARN_ENUM_CONVERSION = YES;
				CLANG_WARN_INFINITE_RECURSION = YES;
				CLANG_WARN_INT_CONVERSION = YES;
				CLANG_WARN_NON_LITERAL_NULL_CONVERSION = YES;
				CLANG_WARN_OBJC_IMPLICIT_RETAIN_SELF = YES;
				CLANG_WARN_OBJC_LITERAL_CONVERSION = YES;
				CLANG_WARN_OBJC_ROOT_CLASS = YES_ERROR;
				CLANG_WARN_QUOTED_INCLUDE_IN_FRAMEWORK_HEADER = YES;
				CLANG_WARN_RANGE_LOOP_ANALYSIS = YES;
				CLANG_WARN_STRICT_PROTOTYPES = YES;
				CLANG_WARN_SUSPICIOUS_MOVE = YES;
				CLANG_WARN_UNGUARDED_AVAILABILITY = YES_AGGRESSIVE;
				CLANG_WARN_UNREACHABLE_CODE = YES;
				CLANG_WARN__DUPLICATE_METHOD_MATCH = YES;
				COPY_PHASE_STRIP = NO;
				DEBUG_INFORMATION_FORMAT = "dwarf-with-dsym";
				ENABLE_NS_ASSERTIONS = NO;
				ENABLE_STRICT_OBJC_MSGSEND = YES;
				GCC_C_LANGUAGE_STANDARD = gnu11;
				GCC_NO_COMMON_BLOCKS = YES;
				GCC_WARN_64_TO_32_BIT_CONVERSION = YES;
				GCC_WARN_ABOUT_RETURN_TYPE = YES_ERROR;
				GCC_WARN_UNDECLARED_SELECTOR = YES;
				GCC_WARN_UNINITIALIZED_AUTOS = YES_AGGRESSIVE;
				GCC_WARN_UNUSED_FUNCTION = YES;
				GCC_WARN_UNUSED_VARIABLE = YES;
				IPHONEOS_DEPLOYMENT_TARGET = 15.4;
				MTL_ENABLE_DEBUG_INFO = NO;
				MTL_FAST_MATH = YES;
				SDKROOT = iphoneos;
				VALIDATE_PRODUCT = YES;
			};
			name = Release;
		};
		01E6C668285BC519006F73B7 /* Debug */ = {
			isa = XCBuildConfiguration;
			baseConfigurationReference = EFEEC0C279904DE16633C2E3 /* Pods-Flixter.debug.xcconfig */;
			buildSettings = {
				ASSETCATALOG_COMPILER_APPICON_NAME = AppIcon;
				ASSETCATALOG_COMPILER_GLOBAL_ACCENT_COLOR_NAME = AccentColor;
				CODE_SIGN_STYLE = Automatic;
				CURRENT_PROJECT_VERSION = 1;
				GENERATE_INFOPLIST_FILE = YES;
				INFOPLIST_FILE = Flixter/Info.plist;
				INFOPLIST_KEY_UIApplicationSupportsIndirectInputEvents = YES;
				INFOPLIST_KEY_UILaunchStoryboardName = LaunchScreen;
				INFOPLIST_KEY_UIMainStoryboardFile = Main;
				INFOPLIST_KEY_UISupportedInterfaceOrientations_iPad = "UIInterfaceOrientationPortrait UIInterfaceOrientationPortraitUpsideDown UIInterfaceOrientationLandscapeLeft UIInterfaceOrientationLandscapeRight";
				INFOPLIST_KEY_UISupportedInterfaceOrientations_iPhone = "UIInterfaceOrientationPortrait UIInterfaceOrientationLandscapeLeft UIInterfaceOrientationLandscapeRight";
				LD_RUNPATH_SEARCH_PATHS = (
					"$(inherited)",
					"@executable_path/Frameworks",
				);
				MARKETING_VERSION = 1.0;
				PRODUCT_BUNDLE_IDENTIFIER = com.fabdel20.Flixter;
				PRODUCT_NAME = "$(TARGET_NAME)";
				SWIFT_EMIT_LOC_STRINGS = YES;
				TARGETED_DEVICE_FAMILY = "1,2";
			};
			name = Debug;
		};
		01E6C669285BC519006F73B7 /* Release */ = {
			isa = XCBuildConfiguration;
			baseConfigurationReference = 9647EB1E58A39242AAF9BC18 /* Pods-Flixter.release.xcconfig */;
			buildSettings = {
				ASSETCATALOG_COMPILER_APPICON_NAME = AppIcon;
				ASSETCATALOG_COMPILER_GLOBAL_ACCENT_COLOR_NAME = AccentColor;
				CODE_SIGN_STYLE = Automatic;
				CURRENT_PROJECT_VERSION = 1;
				GENERATE_INFOPLIST_FILE = YES;
				INFOPLIST_FILE = Flixter/Info.plist;
				INFOPLIST_KEY_UIApplicationSupportsIndirectInputEvents = YES;
				INFOPLIST_KEY_UILaunchStoryboardName = LaunchScreen;
				INFOPLIST_KEY_UIMainStoryboardFile = Main;
				INFOPLIST_KEY_UISupportedInterfaceOrientations_iPad = "UIInterfaceOrientationPortrait UIInterfaceOrientationPortraitUpsideDown UIInterfaceOrientationLandscapeLeft UIInterfaceOrientationLandscapeRight";
				INFOPLIST_KEY_UISupportedInterfaceOrientations_iPhone = "UIInterfaceOrientationPortrait UIInterfaceOrientationLandscapeLeft UIInterfaceOrientationLandscapeRight";
				LD_RUNPATH_SEARCH_PATHS = (
					"$(inherited)",
					"@executable_path/Frameworks",
				);
				MARKETING_VERSION = 1.0;
				PRODUCT_BUNDLE_IDENTIFIER = com.fabdel20.Flixter;
				PRODUCT_NAME = "$(TARGET_NAME)";
				SWIFT_EMIT_LOC_STRINGS = YES;
				TARGETED_DEVICE_FAMILY = "1,2";
			};
			name = Release;
		};
		01E6C66B285BC519006F73B7 /* Debug */ = {
			isa = XCBuildConfiguration;
			baseConfigurationReference = D9232AAD31839B6CD0473096 /* Pods-FlixterTests.debug.xcconfig */;
			buildSettings = {
				BUNDLE_LOADER = "$(TEST_HOST)";
				CODE_SIGN_STYLE = Automatic;
				CURRENT_PROJECT_VERSION = 1;
				GENERATE_INFOPLIST_FILE = YES;
				IPHONEOS_DEPLOYMENT_TARGET = 15.4;
				MARKETING_VERSION = 1.0;
				PRODUCT_BUNDLE_IDENTIFIER = com.fabdel20.FlixterTests;
				PRODUCT_NAME = "$(TARGET_NAME)";
				SWIFT_EMIT_LOC_STRINGS = NO;
				TARGETED_DEVICE_FAMILY = "1,2";
				TEST_HOST = "$(BUILT_PRODUCTS_DIR)/Flixter.app/Flixter";
			};
			name = Debug;
		};
		01E6C66C285BC519006F73B7 /* Release */ = {
			isa = XCBuildConfiguration;
			baseConfigurationReference = 17C6C5D2A2CDE2AEC4B43757 /* Pods-FlixterTests.release.xcconfig */;
			buildSettings = {
				BUNDLE_LOADER = "$(TEST_HOST)";
				CODE_SIGN_STYLE = Automatic;
				CURRENT_PROJECT_VERSION = 1;
				GENERATE_INFOPLIST_FILE = YES;
				IPHONEOS_DEPLOYMENT_TARGET = 15.4;
				MARKETING_VERSION = 1.0;
				PRODUCT_BUNDLE_IDENTIFIER = com.fabdel20.FlixterTests;
				PRODUCT_NAME = "$(TARGET_NAME)";
				SWIFT_EMIT_LOC_STRINGS = NO;
				TARGETED_DEVICE_FAMILY = "1,2";
				TEST_HOST = "$(BUILT_PRODUCTS_DIR)/Flixter.app/Flixter";
			};
			name = Release;
		};
		01E6C66E285BC519006F73B7 /* Debug */ = {
			isa = XCBuildConfiguration;
			baseConfigurationReference = 309A97B84A91C4A53CFEE5A6 /* Pods-Flixter-FlixterUITests.debug.xcconfig */;
			buildSettings = {
				CODE_SIGN_STYLE = Automatic;
				CURRENT_PROJECT_VERSION = 1;
				GENERATE_INFOPLIST_FILE = YES;
				MARKETING_VERSION = 1.0;
				PRODUCT_BUNDLE_IDENTIFIER = com.fabdel20.FlixterUITests;
				PRODUCT_NAME = "$(TARGET_NAME)";
				SWIFT_EMIT_LOC_STRINGS = NO;
				TARGETED_DEVICE_FAMILY = "1,2";
				TEST_TARGET_NAME = Flixter;
			};
			name = Debug;
		};
		01E6C66F285BC519006F73B7 /* Release */ = {
			isa = XCBuildConfiguration;
			baseConfigurationReference = 62B578A2B63D9EFF26307FB8 /* Pods-Flixter-FlixterUITests.release.xcconfig */;
			buildSettings = {
				CODE_SIGN_STYLE = Automatic;
				CURRENT_PROJECT_VERSION = 1;
				GENERATE_INFOPLIST_FILE = YES;
				MARKETING_VERSION = 1.0;
				PRODUCT_BUNDLE_IDENTIFIER = com.fabdel20.FlixterUITests;
				PRODUCT_NAME = "$(TARGET_NAME)";
				SWIFT_EMIT_LOC_STRINGS = NO;
				TARGETED_DEVICE_FAMILY = "1,2";
				TEST_TARGET_NAME = Flixter;
			};
			name = Release;
		};
/* End XCBuildConfiguration section */

/* Begin XCConfigurationList section */
		01E6C633285BC517006F73B7 /* Build configuration list for PBXProject "Flixter" */ = {
			isa = XCConfigurationList;
			buildConfigurations = (
				01E6C665285BC519006F73B7 /* Debug */,
				01E6C666285BC519006F73B7 /* Release */,
			);
			defaultConfigurationIsVisible = 0;
			defaultConfigurationName = Release;
		};
		01E6C667285BC519006F73B7 /* Build configuration list for PBXNativeTarget "Flixter" */ = {
			isa = XCConfigurationList;
			buildConfigurations = (
				01E6C668285BC519006F73B7 /* Debug */,
				01E6C669285BC519006F73B7 /* Release */,
			);
			defaultConfigurationIsVisible = 0;
			defaultConfigurationName = Release;
		};
		01E6C66A285BC519006F73B7 /* Build configuration list for PBXNativeTarget "FlixterTests" */ = {
			isa = XCConfigurationList;
			buildConfigurations = (
				01E6C66B285BC519006F73B7 /* Debug */,
				01E6C66C285BC519006F73B7 /* Release */,
			);
			defaultConfigurationIsVisible = 0;
			defaultConfigurationName = Release;
		};
		01E6C66D285BC519006F73B7 /* Build configuration list for PBXNativeTarget "FlixterUITests" */ = {
			isa = XCConfigurationList;
			buildConfigurations = (
				01E6C66E285BC519006F73B7 /* Debug */,
				01E6C66F285BC519006F73B7 /* Release */,
			);
			defaultConfigurationIsVisible = 0;
			defaultConfigurationName = Release;
		};
/* End XCConfigurationList section */
	};
	rootObject = 01E6C630285BC517006F73B7 /* Project object */;
}
